
Microsoft Visual Studio Solution File, Format Version 12.00
# Visual Studio Version 17
VisualStudioVersion = 17.8.34525.116
MinimumVisualStudioVersion = 10.0.40219.1
Project("{FAE04EC0-301F-11D3-BF4B-00C04F79EFBC}") = "EmployeeAdminPortal", "EmployeeAdminPortal\EmployeeAdminPortal.csproj", "{8E5192F9-3B3E-4D2A-AC29-3CDD66F184D4}"
EndProject
Global
	GlobalSection(SolutionConfigurationPlatforms) = preSolution
		Debug|Any CPU = Debug|Any CPU
		Release|Any CPU = Release|Any CPU
	EndGlobalSection
	GlobalSection(ProjectConfigurationPlatforms) = postSolution
		{8E5192F9-3B3E-4D2A-AC29-3CDD66F184D4}.Debug|Any CPU.ActiveCfg = Debug|Any CPU
		{8E5192F9-3B3E-4D2A-AC29-3CDD66F184D4}.Debug|Any CPU.Build.0 = Debug|Any CPU
		{8E5192F9-3B3E-4D2A-AC29-3CDD66F184D4}.Release|Any CPU.ActiveCfg = Release|Any CPU
		{8E5192F9-3B3E-4D2A-AC29-3CDD66F184D4}.Release|Any CPU.Build.0 = Release|Any CPU
	EndGlobalSection
	GlobalSection(SolutionProperties) = preSolution
		HideSolutionNode = FALSE
	EndGlobalSection
	GlobalSection(ExtensibilityGlobals) = postSolution
		SolutionGuid = {21854FE9-C616-4F17-BE75-B1817819D4A6}
	EndGlobalSection
EndGlobal
